
Microsoft Visual Studio Solution File, Format Version 12.00
# Visual Studio 15
VisualStudioVersion = 15.0.28307.438
MinimumVisualStudioVersion = 10.0.40219.1
Project("{8BC9CEB8-8B4A-11D0-8D11-00A0C91BC942}") = "1021.RemoveOutermostParentheses", "1021.RemoveOutermostParentheses\1021.RemoveOutermostParentheses.vcxproj", "{5DE9C5AD-5CD0-4340-8D06-1D17842F369E}"
EndProject
Project("{8BC9CEB8-8B4A-11D0-8D11-00A0C91BC942}") = "1217.PlayWithChips", "1217.PlayWithChips\1217.PlayWithChips.vcxproj", "{567B4C6F-AA8D-482D-A864-FAF0FFEB2F9C}"
EndProject
Project("{8BC9CEB8-8B4A-11D0-8D11-00A0C91BC942}") = "1312.MinimumInsertionStepsToMakeAStringPalindrome", "1312.MinimumInsertionStepsToMakeAStringPalindrome\1312.MinimumInsertionStepsToMakeAStringPalindrome.vcxproj", "{F14EE7B8-FA33-40E7-AD0E-0A31E1C972BA}"
EndProject
Project("{8BC9CEB8-8B4A-11D0-8D11-00A0C91BC942}") = "121.BestTimeToBuyAndSellStock", "121.BestTimeToBuyAndSellStock\121.BestTimeToBuyAndSellStock.vcxproj", "{E0AE5EB5-FC54-4184-BBF9-C93C0D14F1D3}"
EndProject
Global
	GlobalSection(SolutionConfigurationPlatforms) = preSolution
		Debug|x64 = Debug|x64
		Debug|x86 = Debug|x86
		Release|x64 = Release|x64
		Release|x86 = Release|x86
	EndGlobalSection
	GlobalSection(ProjectConfigurationPlatforms) = postSolution
		{5DE9C5AD-5CD0-4340-8D06-1D17842F369E}.Debug|x64.ActiveCfg = Debug|x64
		{5DE9C5AD-5CD0-4340-8D06-1D17842F369E}.Debug|x64.Build.0 = Debug|x64
		{5DE9C5AD-5CD0-4340-8D06-1D17842F369E}.Debug|x86.ActiveCfg = Debug|Win32
		{5DE9C5AD-5CD0-4340-8D06-1D17842F369E}.Debug|x86.Build.0 = Debug|Win32
		{5DE9C5AD-5CD0-4340-8D06-1D17842F369E}.Release|x64.ActiveCfg = Release|x64
		{5DE9C5AD-5CD0-4340-8D06-1D17842F369E}.Release|x64.Build.0 = Release|x64
		{5DE9C5AD-5CD0-4340-8D06-1D17842F369E}.Release|x86.ActiveCfg = Release|Win32
		{5DE9C5AD-5CD0-4340-8D06-1D17842F369E}.Release|x86.Build.0 = Release|Win32
		{567B4C6F-AA8D-482D-A864-FAF0FFEB2F9C}.Debug|x64.ActiveCfg = Debug|x64
		{567B4C6F-AA8D-482D-A864-FAF0FFEB2F9C}.Debug|x64.Build.0 = Debug|x64
		{567B4C6F-AA8D-482D-A864-FAF0FFEB2F9C}.Debug|x86.ActiveCfg = Debug|Win32
		{567B4C6F-AA8D-482D-A864-FAF0FFEB2F9C}.Debug|x86.Build.0 = Debug|Win32
		{567B4C6F-AA8D-482D-A864-FAF0FFEB2F9C}.Release|x64.ActiveCfg = Release|x64
		{567B4C6F-AA8D-482D-A864-FAF0FFEB2F9C}.Release|x64.Build.0 = Release|x64
		{567B4C6F-AA8D-482D-A864-FAF0FFEB2F9C}.Release|x86.ActiveCfg = Release|Win32
		{567B4C6F-AA8D-482D-A864-FAF0FFEB2F9C}.Release|x86.Build.0 = Release|Win32
		{F14EE7B8-FA33-40E7-AD0E-0A31E1C972BA}.Debug|x64.ActiveCfg = Debug|x64
		{F14EE7B8-FA33-40E7-AD0E-0A31E1C972BA}.Debug|x64.Build.0 = Debug|x64
		{F14EE7B8-FA33-40E7-AD0E-0A31E1C972BA}.Debug|x86.ActiveCfg = Debug|Win32
		{F14EE7B8-FA33-40E7-AD0E-0A31E1C972BA}.Debug|x86.Build.0 = Debug|Win32
		{F14EE7B8-FA33-40E7-AD0E-0A31E1C972BA}.Release|x64.ActiveCfg = Release|x64
		{F14EE7B8-FA33-40E7-AD0E-0A31E1C972BA}.Release|x64.Build.0 = Release|x64
		{F14EE7B8-FA33-40E7-AD0E-0A31E1C972BA}.Release|x86.ActiveCfg = Release|Win32
		{F14EE7B8-FA33-40E7-AD0E-0A31E1C972BA}.Release|x86.Build.0 = Release|Win32
		{E0AE5EB5-FC54-4184-BBF9-C93C0D14F1D3}.Debug|x64.ActiveCfg = Debug|x64
		{E0AE5EB5-FC54-4184-BBF9-C93C0D14F1D3}.Debug|x64.Build.0 = Debug|x64
		{E0AE5EB5-FC54-4184-BBF9-C93C0D14F1D3}.Debug|x86.ActiveCfg = Debug|Win32
		{E0AE5EB5-FC54-4184-BBF9-C93C0D14F1D3}.Debug|x86.Build.0 = Debug|Win32
		{E0AE5EB5-FC54-4184-BBF9-C93C0D14F1D3}.Release|x64.ActiveCfg = Release|x64
		{E0AE5EB5-FC54-4184-BBF9-C93C0D14F1D3}.Release|x64.Build.0 = Release|x64
		{E0AE5EB5-FC54-4184-BBF9-C93C0D14F1D3}.Release|x86.ActiveCfg = Release|Win32
		{E0AE5EB5-FC54-4184-BBF9-C93C0D14F1D3}.Release|x86.Build.0 = Release|Win32
	EndGlobalSection
	GlobalSection(SolutionProperties) = preSolution
		HideSolutionNode = FALSE
	EndGlobalSection
	GlobalSection(ExtensibilityGlobals) = postSolution
		SolutionGuid = {20010E75-EB25-46F6-9AD1-739ABA955437}
	EndGlobalSection
EndGlobal
